
Microsoft Visual Studio Solution File, Format Version 12.00
# Visual Studio 15
VisualStudioVersion = 15.0.27130.2036
MinimumVisualStudioVersion = 10.0.40219.1
Project("{2150E333-8FDC-42A3-9474-1A3956D46DE8}") = "简单工厂模式", "简单工厂模式", "{12D00D19-79F1-407F-90B2-CCDA1A24D668}"
EndProject
Project("{9A19103F-16F7-4668-BE54-9A1E7A4F7556}") = "OperationLayer", "OperationLayer\OperationLayer.csproj", "{1981E41B-0CE5-41A0-A092-DCD701F99D5D}"
EndProject
Project("{9A19103F-16F7-4668-BE54-9A1E7A4F7556}") = "Test", "Test\Test.csproj", "{51DCE788-2493-4F52-94AE-EEBA193D9320}"
EndProject
Project("{2150E333-8FDC-42A3-9474-1A3956D46DE8}") = "策略模式", "策略模式", "{7E409970-AA43-4745-839D-637E8C2F9F52}"
EndProject
Project("{FAE04EC0-301F-11D3-BF4B-00C04F79EFBC}") = "StrategyCash", "StrategyCash\StrategyCash.csproj", "{933525F9-9669-4FD6-ABBA-0E6702F9CDB7}"
EndProject
Project("{2150E333-8FDC-42A3-9474-1A3956D46DE8}") = "装饰模式", "装饰模式", "{4020149D-C03A-4253-97F1-104194AE9D27}"
EndProject
Project("{FAE04EC0-301F-11D3-BF4B-00C04F79EFBC}") = "Decorator", "Decorator\Decorator.csproj", "{45E03F1E-261B-45C6-9CCC-8E6234452256}"
EndProject
Project("{FAE04EC0-301F-11D3-BF4B-00C04F79EFBC}") = "DecoratorTest", "DecoratorTest\DecoratorTest.csproj", "{89772B83-6AE4-4C2C-A34C-71DEB9D26EF4}"
EndProject
Project("{FAE04EC0-301F-11D3-BF4B-00C04F79EFBC}") = "MessageHandler", "MessageHandler\MessageHandler.csproj", "{D15C8E39-0523-455E-8196-4EC04A7CD50F}"
EndProject
Global
	GlobalSection(SolutionConfigurationPlatforms) = preSolution
		Debug|Any CPU = Debug|Any CPU
		Release|Any CPU = Release|Any CPU
	EndGlobalSection
	GlobalSection(ProjectConfigurationPlatforms) = postSolution
		{1981E41B-0CE5-41A0-A092-DCD701F99D5D}.Debug|Any CPU.ActiveCfg = Debug|Any CPU
		{1981E41B-0CE5-41A0-A092-DCD701F99D5D}.Debug|Any CPU.Build.0 = Debug|Any CPU
		{1981E41B-0CE5-41A0-A092-DCD701F99D5D}.Release|Any CPU.ActiveCfg = Release|Any CPU
		{1981E41B-0CE5-41A0-A092-DCD701F99D5D}.Release|Any CPU.Build.0 = Release|Any CPU
		{51DCE788-2493-4F52-94AE-EEBA193D9320}.Debug|Any CPU.ActiveCfg = Debug|Any CPU
		{51DCE788-2493-4F52-94AE-EEBA193D9320}.Debug|Any CPU.Build.0 = Debug|Any CPU
		{51DCE788-2493-4F52-94AE-EEBA193D9320}.Release|Any CPU.ActiveCfg = Release|Any CPU
		{51DCE788-2493-4F52-94AE-EEBA193D9320}.Release|Any CPU.Build.0 = Release|Any CPU
		{933525F9-9669-4FD6-ABBA-0E6702F9CDB7}.Debug|Any CPU.ActiveCfg = Debug|Any CPU
		{933525F9-9669-4FD6-ABBA-0E6702F9CDB7}.Debug|Any CPU.Build.0 = Debug|Any CPU
		{933525F9-9669-4FD6-ABBA-0E6702F9CDB7}.Release|Any CPU.ActiveCfg = Release|Any CPU
		{933525F9-9669-4FD6-ABBA-0E6702F9CDB7}.Release|Any CPU.Build.0 = Release|Any CPU
		{45E03F1E-261B-45C6-9CCC-8E6234452256}.Debug|Any CPU.ActiveCfg = Debug|Any CPU
		{45E03F1E-261B-45C6-9CCC-8E6234452256}.Debug|Any CPU.Build.0 = Debug|Any CPU
		{45E03F1E-261B-45C6-9CCC-8E6234452256}.Release|Any CPU.ActiveCfg = Release|Any CPU
		{45E03F1E-261B-45C6-9CCC-8E6234452256}.Release|Any CPU.Build.0 = Release|Any CPU
		{89772B83-6AE4-4C2C-A34C-71DEB9D26EF4}.Debug|Any CPU.ActiveCfg = Debug|Any CPU
		{89772B83-6AE4-4C2C-A34C-71DEB9D26EF4}.Debug|Any CPU.Build.0 = Debug|Any CPU
		{89772B83-6AE4-4C2C-A34C-71DEB9D26EF4}.Release|Any CPU.ActiveCfg = Release|Any CPU
		{89772B83-6AE4-4C2C-A34C-71DEB9D26EF4}.Release|Any CPU.Build.0 = Release|Any CPU
		{D15C8E39-0523-455E-8196-4EC04A7CD50F}.Debug|Any CPU.ActiveCfg = Debug|Any CPU
		{D15C8E39-0523-455E-8196-4EC04A7CD50F}.Debug|Any CPU.Build.0 = Debug|Any CPU
		{D15C8E39-0523-455E-8196-4EC04A7CD50F}.Release|Any CPU.ActiveCfg = Release|Any CPU
		{D15C8E39-0523-455E-8196-4EC04A7CD50F}.Release|Any CPU.Build.0 = Release|Any CPU
	EndGlobalSection
	GlobalSection(SolutionProperties) = preSolution
		HideSolutionNode = FALSE
	EndGlobalSection
	GlobalSection(NestedProjects) = preSolution
		{1981E41B-0CE5-41A0-A092-DCD701F99D5D} = {12D00D19-79F1-407F-90B2-CCDA1A24D668}
		{51DCE788-2493-4F52-94AE-EEBA193D9320} = {12D00D19-79F1-407F-90B2-CCDA1A24D668}
		{933525F9-9669-4FD6-ABBA-0E6702F9CDB7} = {7E409970-AA43-4745-839D-637E8C2F9F52}
		{45E03F1E-261B-45C6-9CCC-8E6234452256} = {4020149D-C03A-4253-97F1-104194AE9D27}
		{89772B83-6AE4-4C2C-A34C-71DEB9D26EF4} = {4020149D-C03A-4253-97F1-104194AE9D27}
		{D15C8E39-0523-455E-8196-4EC04A7CD50F} = {4020149D-C03A-4253-97F1-104194AE9D27}
	EndGlobalSection
	GlobalSection(ExtensibilityGlobals) = postSolution
		SolutionGuid = {AD62A4DC-0E97-4A1B-8B1C-970FD1530904}
	EndGlobalSection
EndGlobal
