
Microsoft Visual Studio Solution File, Format Version 12.00
# Visual Studio 15
VisualStudioVersion = 15.0.28307.168
MinimumVisualStudioVersion = 10.0.40219.1
Project("{9A19103F-16F7-4668-BE54-9A1E7A4F7556}") = "1.SimpleFactory", "1.SimpleFactory\1.SimpleFactory.csproj", "{B316AB03-D5C8-41E9-8CCF-BD5A8CD0E5DB}"
EndProject
Project("{9A19103F-16F7-4668-BE54-9A1E7A4F7556}") = "2.Strategy", "Strategy\2.Strategy.csproj", "{2FE060F1-7AF1-4DBA-A6F1-9FDAE632A93A}"
EndProject
Project("{9A19103F-16F7-4668-BE54-9A1E7A4F7556}") = "3.Decorator", "3.Decorator\3.Decorator.csproj", "{3D407242-2F86-4060-8085-E2D9A60545CE}"
EndProject
Project("{9A19103F-16F7-4668-BE54-9A1E7A4F7556}") = "4.Proxy", "4.Proxy\4.Proxy.csproj", "{EA62B244-3EFB-4D3E-84C4-75B44BCB1557}"
EndProject
Project("{9A19103F-16F7-4668-BE54-9A1E7A4F7556}") = "5.Prototype", "5.Protype\5.Prototype.csproj", "{D47A299A-C7E7-40A4-BE21-67CED3778023}"
EndProject
Project("{9A19103F-16F7-4668-BE54-9A1E7A4F7556}") = "6.Build", "6.Build\6.Build.csproj", "{74DF1469-DB01-4B7D-8DCD-50A748A73DC6}"
EndProject
Project("{FAE04EC0-301F-11D3-BF4B-00C04F79EFBC}") = "7.Observe", "7.Observe\7.Observe.csproj", "{D3126BBE-2A0C-4DFC-B3D1-9CA24DFBAB77}"
EndProject
Global
	GlobalSection(SolutionConfigurationPlatforms) = preSolution
		Debug|Any CPU = Debug|Any CPU
		Release|Any CPU = Release|Any CPU
	EndGlobalSection
	GlobalSection(ProjectConfigurationPlatforms) = postSolution
		{B316AB03-D5C8-41E9-8CCF-BD5A8CD0E5DB}.Debug|Any CPU.ActiveCfg = Debug|Any CPU
		{B316AB03-D5C8-41E9-8CCF-BD5A8CD0E5DB}.Debug|Any CPU.Build.0 = Debug|Any CPU
		{B316AB03-D5C8-41E9-8CCF-BD5A8CD0E5DB}.Release|Any CPU.ActiveCfg = Release|Any CPU
		{B316AB03-D5C8-41E9-8CCF-BD5A8CD0E5DB}.Release|Any CPU.Build.0 = Release|Any CPU
		{2FE060F1-7AF1-4DBA-A6F1-9FDAE632A93A}.Debug|Any CPU.ActiveCfg = Debug|Any CPU
		{2FE060F1-7AF1-4DBA-A6F1-9FDAE632A93A}.Debug|Any CPU.Build.0 = Debug|Any CPU
		{2FE060F1-7AF1-4DBA-A6F1-9FDAE632A93A}.Release|Any CPU.ActiveCfg = Release|Any CPU
		{2FE060F1-7AF1-4DBA-A6F1-9FDAE632A93A}.Release|Any CPU.Build.0 = Release|Any CPU
		{3D407242-2F86-4060-8085-E2D9A60545CE}.Debug|Any CPU.ActiveCfg = Debug|Any CPU
		{3D407242-2F86-4060-8085-E2D9A60545CE}.Debug|Any CPU.Build.0 = Debug|Any CPU
		{3D407242-2F86-4060-8085-E2D9A60545CE}.Release|Any CPU.ActiveCfg = Release|Any CPU
		{3D407242-2F86-4060-8085-E2D9A60545CE}.Release|Any CPU.Build.0 = Release|Any CPU
		{EA62B244-3EFB-4D3E-84C4-75B44BCB1557}.Debug|Any CPU.ActiveCfg = Debug|Any CPU
		{EA62B244-3EFB-4D3E-84C4-75B44BCB1557}.Debug|Any CPU.Build.0 = Debug|Any CPU
		{EA62B244-3EFB-4D3E-84C4-75B44BCB1557}.Release|Any CPU.ActiveCfg = Release|Any CPU
		{EA62B244-3EFB-4D3E-84C4-75B44BCB1557}.Release|Any CPU.Build.0 = Release|Any CPU
		{D47A299A-C7E7-40A4-BE21-67CED3778023}.Debug|Any CPU.ActiveCfg = Debug|Any CPU
		{D47A299A-C7E7-40A4-BE21-67CED3778023}.Debug|Any CPU.Build.0 = Debug|Any CPU
		{D47A299A-C7E7-40A4-BE21-67CED3778023}.Release|Any CPU.ActiveCfg = Release|Any CPU
		{D47A299A-C7E7-40A4-BE21-67CED3778023}.Release|Any CPU.Build.0 = Release|Any CPU
		{74DF1469-DB01-4B7D-8DCD-50A748A73DC6}.Debug|Any CPU.ActiveCfg = Debug|Any CPU
		{74DF1469-DB01-4B7D-8DCD-50A748A73DC6}.Debug|Any CPU.Build.0 = Debug|Any CPU
		{74DF1469-DB01-4B7D-8DCD-50A748A73DC6}.Release|Any CPU.ActiveCfg = Release|Any CPU
		{74DF1469-DB01-4B7D-8DCD-50A748A73DC6}.Release|Any CPU.Build.0 = Release|Any CPU
		{D3126BBE-2A0C-4DFC-B3D1-9CA24DFBAB77}.Debug|Any CPU.ActiveCfg = Debug|Any CPU
		{D3126BBE-2A0C-4DFC-B3D1-9CA24DFBAB77}.Debug|Any CPU.Build.0 = Debug|Any CPU
		{D3126BBE-2A0C-4DFC-B3D1-9CA24DFBAB77}.Release|Any CPU.ActiveCfg = Release|Any CPU
		{D3126BBE-2A0C-4DFC-B3D1-9CA24DFBAB77}.Release|Any CPU.Build.0 = Release|Any CPU
	EndGlobalSection
	GlobalSection(SolutionProperties) = preSolution
		HideSolutionNode = FALSE
	EndGlobalSection
	GlobalSection(ExtensibilityGlobals) = postSolution
		SolutionGuid = {62D2990E-F716-44AF-B495-51B16BF421A7}
	EndGlobalSection
EndGlobal
